
Microsoft Visual Studio Solution File, Format Version 12.00
# Visual Studio Version 17
VisualStudioVersion = 17.7.34202.233
MinimumVisualStudioVersion = 10.0.40219.1
Project("{FAE04EC0-301F-11D3-BF4B-00C04F79EFBC}") = "добор баллов 2 задача", "добор баллов 2 задача\добор баллов 2 задача.csproj", "{0DCBCFC5-8B13-4D46-84E4-9E4BE3B53167}"
EndProject
Global
	GlobalSection(SolutionConfigurationPlatforms) = preSolution
		Debug|Any CPU = Debug|Any CPU
		Release|Any CPU = Release|Any CPU
	EndGlobalSection
	GlobalSection(ProjectConfigurationPlatforms) = postSolution
		{0DCBCFC5-8B13-4D46-84E4-9E4BE3B53167}.Debug|Any CPU.ActiveCfg = Debug|Any CPU
		{0DCBCFC5-8B13-4D46-84E4-9E4BE3B53167}.Debug|Any CPU.Build.0 = Debug|Any CPU
		{0DCBCFC5-8B13-4D46-84E4-9E4BE3B53167}.Release|Any CPU.ActiveCfg = Release|Any CPU
		{0DCBCFC5-8B13-4D46-84E4-9E4BE3B53167}.Release|Any CPU.Build.0 = Release|Any CPU
	EndGlobalSection
	GlobalSection(SolutionProperties) = preSolution
		HideSolutionNode = FALSE
	EndGlobalSection
	GlobalSection(ExtensibilityGlobals) = postSolution
		SolutionGuid = {3615F2AC-F305-4B92-9CA3-5C049D0D4843}
	EndGlobalSection
EndGlobal
